// !$*UTF8*$!
{
	archiveVersion = 1;
	classes = {
	};
	objectVersion = 48;
	objects = {

/* Begin PBXBuildFile section */
		63F76A48204899200093F242 /* AppDelegate.swift in Sources */ = {isa = PBXBuildFile; fileRef = 63F76A47204899200093F242 /* AppDelegate.swift */; };
		63F76A4A204899200093F242 /* ViewController.swift in Sources */ = {isa = PBXBuildFile; fileRef = 63F76A49204899200093F242 /* ViewController.swift */; };
		63F76A4D204899200093F242 /* Main.storyboard in Resources */ = {isa = PBXBuildFile; fileRef = 63F76A4B204899200093F242 /* Main.storyboard */; };
		63F76A4F204899200093F242 /* Assets.xcassets in Resources */ = {isa = PBXBuildFile; fileRef = 63F76A4E204899200093F242 /* Assets.xcassets */; };
		63F76A52204899200093F242 /* LaunchScreen.storyboard in Resources */ = {isa = PBXBuildFile; fileRef = 63F76A50204899200093F242 /* LaunchScreen.storyboard */; };
		63F76A5A20489C4A0093F242 /* kairos.swift in Sources */ = {isa = PBXBuildFile; fileRef = 63F76A5920489C4A0093F242 /* kairos.swift */; };
		63F76A5C20489D160093F242 /* GoogleService-Info.plist in Resources */ = {isa = PBXBuildFile; fileRef = 63F76A5B20489D150093F242 /* GoogleService-Info.plist */; };
		94233F2524657E8EA5C8C414 /* Pods_enrollApp.framework in Frameworks */ = {isa = PBXBuildFile; fileRef = 9FB8300544E259BDFDBF3431 /* Pods_enrollApp.framework */; };
/* End PBXBuildFile section */

/* Begin PBXFileReference section */
		434AD44F4A7EFF7A551D8C1C /* Pods-enrollApp.release.xcconfig */ = {isa = PBXFileReference; includeInIndex = 1; lastKnownFileType = text.xcconfig; name = "Pods-enrollApp.release.xcconfig"; path = "Pods/Target Support Files/Pods-enrollApp/Pods-enrollApp.release.xcconfig"; sourceTree = "<group>"; };
		63F76A44204899200093F242 /* enrollApp.app */ = {isa = PBXFileReference; explicitFileType = wrapper.application; includeInIndex = 0; path = enrollApp.app; sourceTree = BUILT_PRODUCTS_DIR; };
		63F76A47204899200093F242 /* AppDelegate.swift */ = {isa = PBXFileReference; lastKnownFileType = sourcecode.swift; path = AppDelegate.swift; sourceTree = "<group>"; };
		63F76A49204899200093F242 /* ViewController.swift */ = {isa = PBXFileReference; lastKnownFileType = sourcecode.swift; path = ViewController.swift; sourceTree = "<group>"; };
		63F76A4C204899200093F242 /* Base */ = {isa = PBXFileReference; lastKnownFileType = file.storyboard; name = Base; path = Base.lproj/Main.storyboard; sourceTree = "<group>"; };
		63F76A4E204899200093F242 /* Assets.xcassets */ = {isa = PBXFileReference; lastKnownFileType = folder.assetcatalog; path = Assets.xcassets; sourceTree = "<group>"; };
		63F76A51204899200093F242 /* Base */ = {isa = PBXFileReference; lastKnownFileType = file.storyboard; name = Base; path = Base.lproj/LaunchScreen.storyboard; sourceTree = "<group>"; };
		63F76A53204899200093F242 /* Info.plist */ = {isa = PBXFileReference; lastKnownFileType = text.plist.xml; path = Info.plist; sourceTree = "<group>"; };
		63F76A5920489C4A0093F242 /* kairos.swift */ = {isa = PBXFileReference; lastKnownFileType = sourcecode.swift; path = kairos.swift; sourceTree = "<group>"; };
		63F76A5B20489D150093F242 /* GoogleService-Info.plist */ = {isa = PBXFileReference; fileEncoding = 4; lastKnownFileType = text.plist.xml; path = "GoogleService-Info.plist"; sourceTree = "<group>"; };
		9FB8300544E259BDFDBF3431 /* Pods_enrollApp.framework */ = {isa = PBXFileReference; explicitFileType = wrapper.framework; includeInIndex = 0; path = Pods_enrollApp.framework; sourceTree = BUILT_PRODUCTS_DIR; };
		DEE1E39C3F1D336E0A76078A /* Pods-enrollApp.debug.xcconfig */ = {isa = PBXFileReference; includeInIndex = 1; lastKnownFileType = text.xcconfig; name = "Pods-enrollApp.debug.xcconfig"; path = "Pods/Target Support Files/Pods-enrollApp/Pods-enrollApp.debug.xcconfig"; sourceTree = "<group>"; };
/* End PBXFileReference section */

/* Begin PBXFrameworksBuildPhase section */
		63F76A41204899200093F242 /* Frameworks */ = {
			isa = PBXFrameworksBuildPhase;
			buildActionMask = 2147483647;
			files = (
				94233F2524657E8EA5C8C414 /* Pods_enrollApp.framework in Frameworks */,
			);
			runOnlyForDeploymentPostprocessing = 0;
		};
/* End PBXFrameworksBuildPhase section */

/* Begin PBXGroup section */
		09228B3AFC579E575DA39C20 /* Frameworks */ = {
			isa = PBXGroup;
			children = (
				9FB8300544E259BDFDBF3431 /* Pods_enrollApp.framework */,
			);
			name = Frameworks;
			sourceTree = "<group>";
		};
		63F76A3B204899200093F242 = {
			isa = PBXGroup;
			children = (
				63F76A46204899200093F242 /* enrollApp */,
				63F76A45204899200093F242 /* Products */,
				F6F48D7D1DAA4CFB2072CAE5 /* Pods */,
				09228B3AFC579E575DA39C20 /* Frameworks */,
			);
			sourceTree = "<group>";
		};
		63F76A45204899200093F242 /* Products */ = {
			isa = PBXGroup;
			children = (
				63F76A44204899200093F242 /* enrollApp.app */,
			);
			name = Products;
			sourceTree = "<group>";
		};
		63F76A46204899200093F242 /* enrollApp */ = {
			isa = PBXGroup;
			children = (
				63F76A5B20489D150093F242 /* GoogleService-Info.plist */,
				63F76A47204899200093F242 /* AppDelegate.swift */,
				63F76A49204899200093F242 /* ViewController.swift */,
				63F76A4B204899200093F242 /* Main.storyboard */,
				63F76A4E204899200093F242 /* Assets.xcassets */,
				63F76A50204899200093F242 /* LaunchScreen.storyboard */,
				63F76A53204899200093F242 /* Info.plist */,
				63F76A5920489C4A0093F242 /* kairos.swift */,
			);
			path = enrollApp;
			sourceTree = "<group>";
		};
		F6F48D7D1DAA4CFB2072CAE5 /* Pods */ = {
			isa = PBXGroup;
			children = (
				DEE1E39C3F1D336E0A76078A /* Pods-enrollApp.debug.xcconfig */,
				434AD44F4A7EFF7A551D8C1C /* Pods-enrollApp.release.xcconfig */,
			);
			name = Pods;
			sourceTree = "<group>";
		};
/* End PBXGroup section */

/* Begin PBXNativeTarget section */
		63F76A43204899200093F242 /* enrollApp */ = {
			isa = PBXNativeTarget;
			buildConfigurationList = 63F76A56204899200093F242 /* Build configuration list for PBXNativeTarget "enrollApp" */;
			buildPhases = (
				1C546751B103A30E439F2718 /* [CP] Check Pods Manifest.lock */,
				63F76A40204899200093F242 /* Sources */,
				63F76A41204899200093F242 /* Frameworks */,
				63F76A42204899200093F242 /* Resources */,
				A5654C2AD8EAF1F36F194EF6 /* [CP] Embed Pods Frameworks */,
				F0BC8E0C9EA01497428216B2 /* [CP] Copy Pods Resources */,
			);
			buildRules = (
			);
			dependencies = (
			);
			name = enrollApp;
			productName = enrollApp;
			productReference = 63F76A44204899200093F242 /* enrollApp.app */;
			productType = "com.apple.product-type.application";
		};
/* End PBXNativeTarget section */

/* Begin PBXProject section */
		63F76A3C204899200093F242 /* Project object */ = {
			isa = PBXProject;
			attributes = {
				LastSwiftUpdateCheck = 0920;
				LastUpgradeCheck = 0920;
				ORGANIZATIONNAME = "Akul  Santhosh";
				TargetAttributes = {
					63F76A43204899200093F242 = {
						CreatedOnToolsVersion = 9.2;
						ProvisioningStyle = Automatic;
					};
				};
			};
			buildConfigurationList = 63F76A3F204899200093F242 /* Build configuration list for PBXProject "enrollApp" */;
			compatibilityVersion = "Xcode 8.0";
			developmentRegion = en;
			hasScannedForEncodings = 0;
			knownRegions = (
				en,
				Base,
			);
			mainGroup = 63F76A3B204899200093F242;
			productRefGroup = 63F76A45204899200093F242 /* Products */;
			projectDirPath = "";
			projectRoot = "";
			targets = (
				63F76A43204899200093F242 /* enrollApp */,
			);
		};
/* End PBXProject section */

/* Begin PBXResourcesBuildPhase section */
		63F76A42204899200093F242 /* Resources */ = {
			isa = PBXResourcesBuildPhase;
			buildActionMask = 2147483647;
			files = (
				63F76A52204899200093F242 /* LaunchScreen.storyboard in Resources */,
				63F76A5C20489D160093F242 /* GoogleService-Info.plist in Resources */,
				63F76A4F204899200093F242 /* Assets.xcassets in Resources */,
				63F76A4D204899200093F242 /* Main.storyboard in Resources */,
			);
			runOnlyForDeploymentPostprocessing = 0;
		};
/* End PBXResourcesBuildPhase section */

/* Begin PBXShellScriptBuildPhase section */
		1C546751B103A30E439F2718 /* [CP] Check Pods Manifest.lock */ = {
			isa = PBXShellScriptBuildPhase;
			buildActionMask = 2147483647;
			files = (
			);
			inputPaths = (
				"${PODS_PODFILE_DIR_PATH}/Podfile.lock",
				"${PODS_ROOT}/Manifest.lock",
			);
			name = "[CP] Check Pods Manifest.lock";
			outputPaths = (
				"$(DERIVED_FILE_DIR)/Pods-enrollApp-checkManifestLockResult.txt",
			);
			runOnlyForDeploymentPostprocessing = 0;
			shellPath = /bin/sh;
			shellScript = "diff \"${PODS_PODFILE_DIR_PATH}/Podfile.lock\" \"${PODS_ROOT}/Manifest.lock\" > /dev/null\nif [ $? != 0 ] ; then\n    # print error to STDERR\n    echo \"error: The sandbox is not in sync with the Podfile.lock. Run 'pod install' or update your CocoaPods installation.\" >&2\n    exit 1\nfi\n# This output is used by Xcode 'outputs' to avoid re-running this script phase.\necho \"SUCCESS\" > \"${SCRIPT_OUTPUT_FILE_0}\"\n";
			showEnvVarsInLog = 0;
		};
		A5654C2AD8EAF1F36F194EF6 /* [CP] Embed Pods Frameworks */ = {
			isa = PBXShellScriptBuildPhase;
			buildActionMask = 2147483647;
			files = (
			);
			inputPaths = (
				"${SRCROOT}/Pods/Target Support Files/Pods-enrollApp/Pods-enrollApp-frameworks.sh",
				"${BUILT_PRODUCTS_DIR}/GTMSessionFetcher/GTMSessionFetcher.framework",
				"${BUILT_PRODUCTS_DIR}/GoogleToolboxForMac/GoogleToolboxForMac.framework",
				"${BUILT_PRODUCTS_DIR}/SwiftyJSON/SwiftyJSON.framework",
				"${BUILT_PRODUCTS_DIR}/leveldb-library/leveldb.framework",
				"${BUILT_PRODUCTS_DIR}/nanopb/nanopb.framework",
			);
			name = "[CP] Embed Pods Frameworks";
			outputPaths = (
				"${TARGET_BUILD_DIR}/${FRAMEWORKS_FOLDER_PATH}/GTMSessionFetcher.framework",
				"${TARGET_BUILD_DIR}/${FRAMEWORKS_FOLDER_PATH}/GoogleToolboxForMac.framework",
				"${TARGET_BUILD_DIR}/${FRAMEWORKS_FOLDER_PATH}/SwiftyJSON.framework",
				"${TARGET_BUILD_DIR}/${FRAMEWORKS_FOLDER_PATH}/leveldb.framework",
				"${TARGET_BUILD_DIR}/${FRAMEWORKS_FOLDER_PATH}/nanopb.framework",
			);
			runOnlyForDeploymentPostprocessing = 0;
			shellPath = /bin/sh;
			shellScript = "\"${SRCROOT}/Pods/Target Support Files/Pods-enrollApp/Pods-enrollApp-frameworks.sh\"\n";
			showEnvVarsInLog = 0;
		};
		F0BC8E0C9EA01497428216B2 /* [CP] Copy Pods Resources */ = {
			isa = PBXShellScriptBuildPhase;
			buildActionMask = 2147483647;
			files = (
			);
			inputPaths = (
			);
			name = "[CP] Copy Pods Resources";
			outputPaths = (
			);
			runOnlyForDeploymentPostprocessing = 0;
			shellPath = /bin/sh;
			shellScript = "\"${SRCROOT}/Pods/Target Support Files/Pods-enrollApp/Pods-enrollApp-resources.sh\"\n";
			showEnvVarsInLog = 0;
		};
/* End PBXShellScriptBuildPhase section */

/* Begin PBXSourcesBuildPhase section */
		63F76A40204899200093F242 /* Sources */ = {
			isa = PBXSourcesBuildPhase;
			buildActionMask = 2147483647;
			files = (
				63F76A5A20489C4A0093F242 /* kairos.swift in Sources */,
				63F76A4A204899200093F242 /* ViewController.swift in Sources */,
				63F76A48204899200093F242 /* AppDelegate.swift in Sources */,
			);
			runOnlyForDeploymentPostprocessing = 0;
		};
/* End PBXSourcesBuildPhase section */

/* Begin PBXVariantGroup section */
		63F76A4B204899200093F242 /* Main.storyboard */ = {
			isa = PBXVariantGroup;
			children = (
				63F76A4C204899200093F242 /* Base */,
			);
			name = Main.storyboard;
			sourceTree = "<group>";
		};
		63F76A50204899200093F242 /* LaunchScreen.storyboard */ = {
			isa = PBXVariantGroup;
			children = (
				63F76A51204899200093F242 /* Base */,
			);
			name = LaunchScreen.storyboard;
			sourceTree = "<group>";
		};
/* End PBXVariantGroup section */

/* Begin XCBuildConfiguration section */
		63F76A54204899200093F242 /* Debug */ = {
			isa = XCBuildConfiguration;
			buildSettings = {
				ALWAYS_SEARCH_USER_PATHS = NO;
				CLANG_ANALYZER_NONNULL = YES;
				CLANG_ANALYZER_NUMBER_OBJECT_CONVERSION = YES_AGGRESSIVE;
				CLANG_CXX_LANGUAGE_STANDARD = "gnu++14";
				CLANG_CXX_LIBRARY = "libc++";
				CLANG_ENABLE_MODULES = YES;
				CLANG_ENABLE_OBJC_ARC = YES;
				CLANG_WARN_BLOCK_CAPTURE_AUTORELEASING = YES;
				CLANG_WARN_BOOL_CONVERSION = YES;
				CLANG_WARN_COMMA = YES;
				CLANG_WARN_CONSTANT_CONVERSION = YES;
				CLANG_WARN_DIRECT_OBJC_ISA_USAGE = YES_ERROR;
				CLANG_WARN_DOCUMENTATION_COMMENTS = YES;
				CLANG_WARN_EMPTY_BODY = YES;
				CLANG_WARN_ENUM_CONVERSION = YES;
				CLANG_WARN_INFINITE_RECURSION = YES;
				CLANG_WARN_INT_CONVERSION = YES;
				CLANG_WARN_NON_LITERAL_NULL_CONVERSION = YES;
				CLANG_WARN_OBJC_LITERAL_CONVERSION = YES;
				CLANG_WARN_OBJC_ROOT_CLASS = YES_ERROR;
				CLANG_WARN_RANGE_LOOP_ANALYSIS = YES;
				CLANG_WARN_STRICT_PROTOTYPES = YES;
				CLANG_WARN_SUSPICIOUS_MOVE = YES;
				CLANG_WARN_UNGUARDED_AVAILABILITY = YES_AGGRESSIVE;
				CLANG_WARN_UNREACHABLE_CODE = YES;
				CLANG_WARN__DUPLICATE_METHOD_MATCH = YES;
				CODE_SIGN_IDENTITY = "iPhone Developer";
				COPY_PHASE_STRIP = NO;
				DEBUG_INFORMATION_FORMAT = dwarf;
				ENABLE_STRICT_OBJC_MSGSEND = YES;
				ENABLE_TESTABILITY = YES;
				GCC_C_LANGUAGE_STANDARD = gnu11;
				GCC_DYNAMIC_NO_PIC = NO;
				GCC_NO_COMMON_BLOCKS = YES;
				GCC_OPTIMIZATION_LEVEL = 0;
				GCC_PREPROCESSOR_DEFINITIONS = (
					"DEBUG=1",
					"$(inherited)",
				);
				GCC_WARN_64_TO_32_BIT_CONVERSION = YES;
				GCC_WARN_ABOUT_RETURN_TYPE = YES_ERROR;
				GCC_WARN_UNDECLARED_SELECTOR = YES;
				GCC_WARN_UNINITIALIZED_AUTOS = YES_AGGRESSIVE;
				GCC_WARN_UNUSED_FUNCTION = YES;
				GCC_WARN_UNUSED_VARIABLE = YES;
				IPHONEOS_DEPLOYMENT_TARGET = 11.2;
				MTL_ENABLE_DEBUG_INFO = YES;
				ONLY_ACTIVE_ARCH = YES;
				SDKROOT = iphoneos;
				SWIFT_ACTIVE_COMPILATION_CONDITIONS = DEBUG;
				SWIFT_OPTIMIZATION_LEVEL = "-Onone";
			};
			name = Debug;
		};
		63F76A55204899200093F242 /* Release */ = {
			isa = XCBuildConfiguration;
			buildSettings = {
				ALWAYS_SEARCH_USER_PATHS = NO;
				CLANG_ANALYZER_NONNULL = YES;
				CLANG_ANALYZER_NUMBER_OBJECT_CONVERSION = YES_AGGRESSIVE;
				CLANG_CXX_LANGUAGE_STANDARD = "gnu++14";
				CLANG_CXX_LIBRARY = "libc++";
				CLANG_ENABLE_MODULES = YES;
				CLANG_ENABLE_OBJC_ARC = YES;
				CLANG_WARN_BLOCK_CAPTURE_AUTORELEASING = YES;
				CLANG_WARN_BOOL_CONVERSION = YES;
				CLANG_WARN_COMMA = YES;
				CLANG_WARN_CONSTANT_CONVERSION = YES;
				CLANG_WARN_DIRECT_OBJC_ISA_USAGE = YES_ERROR;
				CLANG_WARN_DOCUMENTATION_COMMENTS = YES;
				CLANG_WARN_EMPTY_BODY = YES;
				CLANG_WARN_ENUM_CONVERSION = YES;
				CLANG_WARN_INFINITE_RECURSION = YES;
				CLANG_WARN_INT_CONVERSION = YES;
				CLANG_WARN_NON_LITERAL_NULL_CONVERSION = YES;
				CLANG_WARN_OBJC_LITERAL_CONVERSION = YES;
				CLANG_WARN_OBJC_ROOT_CLASS = YES_ERROR;
				CLANG_WARN_RANGE_LOOP_ANALYSIS = YES;
				CLANG_WARN_STRICT_PROTOTYPES = YES;
				CLANG_WARN_SUSPICIOUS_MOVE = YES;
				CLANG_WARN_UNGUARDED_AVAILABILITY = YES_AGGRESSIVE;
				CLANG_WARN_UNREACHABLE_CODE = YES;
				CLANG_WARN__DUPLICATE_METHOD_MATCH = YES;
				CODE_SIGN_IDENTITY = "iPhone Developer";
				COPY_PHASE_STRIP = NO;
				DEBUG_INFORMATION_FORMAT = "dwarf-with-dsym";
				ENABLE_NS_ASSERTIONS = NO;
				ENABLE_STRICT_OBJC_MSGSEND = YES;
				GCC_C_LANGUAGE_STANDARD = gnu11;
				GCC_NO_COMMON_BLOCKS = YES;
				GCC_WARN_64_TO_32_BIT_CONVERSION = YES;
				GCC_WARN_ABOUT_RETURN_TYPE = YES_ERROR;
				GCC_WARN_UNDECLARED_SELECTOR = YES;
				GCC_WARN_UNINITIALIZED_AUTOS = YES_AGGRESSIVE;
				GCC_WARN_UNUSED_FUNCTION = YES;
				GCC_WARN_UNUSED_VARIABLE = YES;
				IPHONEOS_DEPLOYMENT_TARGET = 11.2;
				MTL_ENABLE_DEBUG_INFO = NO;
				SDKROOT = iphoneos;
				SWIFT_OPTIMIZATION_LEVEL = "-Owholemodule";
				VALIDATE_PRODUCT = YES;
			};
			name = Release;
		};
		63F76A57204899200093F242 /* Debug */ = {
			isa = XCBuildConfiguration;
			baseConfigurationReference = DEE1E39C3F1D336E0A76078A /* Pods-enrollApp.debug.xcconfig */;
			buildSettings = {
				ASSETCATALOG_COMPILER_APPICON_NAME = AppIcon;
				CODE_SIGN_STYLE = Automatic;
				DEVELOPMENT_TEAM = 5K7ZR4V7DN;
				INFOPLIST_FILE = enrollApp/Info.plist;
				LD_RUNPATH_SEARCH_PATHS = "$(inherited) @executable_path/Frameworks";
				PRODUCT_BUNDLE_IDENTIFIER = akulsanthosh.enrollApp;
				PRODUCT_NAME = "$(TARGET_NAME)";
				SWIFT_VERSION = 4.0;
				TARGETED_DEVICE_FAMILY = "1,2";
			};
			name = Debug;
		};
		63F76A58204899200093F242 /* Release */ = {
			isa = XCBuildConfiguration;
			baseConfigurationReference = 434AD44F4A7EFF7A551D8C1C /* Pods-enrollApp.release.xcconfig */;
			buildSettings = {
				ASSETCATALOG_COMPILER_APPICON_NAME = AppIcon;
				CODE_SIGN_STYLE = Automatic;
				DEVELOPMENT_TEAM = 5K7ZR4V7DN;
				INFOPLIST_FILE = enrollApp/Info.plist;
				LD_RUNPATH_SEARCH_PATHS = "$(inherited) @executable_path/Frameworks";
				PRODUCT_BUNDLE_IDENTIFIER = akulsanthosh.enrollApp;
				PRODUCT_NAME = "$(TARGET_NAME)";
				SWIFT_VERSION = 4.0;
				TARGETED_DEVICE_FAMILY = "1,2";
			};
			name = Release;
		};
/* End XCBuildConfiguration section */

/* Begin XCConfigurationList section */
		63F76A3F204899200093F242 /* Build configuration list for PBXProject "enrollApp" */ = {
			isa = XCConfigurationList;
			buildConfigurations = (
				63F76A54204899200093F242 /* Debug */,
				63F76A55204899200093F242 /* Release */,
			);
			defaultConfigurationIsVisible = 0;
			defaultConfigurationName = Release;
		};
		63F76A56204899200093F242 /* Build configuration list for PBXNativeTarget "enrollApp" */ = {
			isa = XCConfigurationList;
			buildConfigurations = (
				63F76A57204899200093F242 /* Debug */,
				63F76A58204899200093F242 /* Release */,
			);
			defaultConfigurationIsVisible = 0;
			defaultConfigurationName = Release;
		};
/* End XCConfigurationList section */
	};
	rootObject = 63F76A3C204899200093F242 /* Project object */;
}
